
Microsoft Visual Studio Solution File, Format Version 12.00
# Visual Studio Version 17
VisualStudioVersion = 17.4.33122.133
MinimumVisualStudioVersion = 10.0.40219.1
Project("{FAE04EC0-301F-11D3-BF4B-00C04F79EFBC}") = "Template", "Template\Template.csproj", "{6DBC6A6B-87CF-48D3-852A-5F80CA1B612C}"
EndProject
Global
	GlobalSection(SolutionConfigurationPlatforms) = preSolution
		Debug|Any CPU = Debug|Any CPU
		Release|Any CPU = Release|Any CPU
	EndGlobalSection
	GlobalSection(ProjectConfigurationPlatforms) = postSolution
		{6DBC6A6B-87CF-48D3-852A-5F80CA1B612C}.Debug|Any CPU.ActiveCfg = Debug|Any CPU
		{6DBC6A6B-87CF-48D3-852A-5F80CA1B612C}.Debug|Any CPU.Build.0 = Debug|Any CPU
		{6DBC6A6B-87CF-48D3-852A-5F80CA1B612C}.Release|Any CPU.ActiveCfg = Release|Any CPU
		{6DBC6A6B-87CF-48D3-852A-5F80CA1B612C}.Release|Any CPU.Build.0 = Release|Any CPU
	EndGlobalSection
	GlobalSection(SolutionProperties) = preSolution
		HideSolutionNode = FALSE
	EndGlobalSection
	GlobalSection(ExtensibilityGlobals) = postSolution
		SolutionGuid = {D959D188-BA14-45DD-965D-20E4F0D95C92}
	EndGlobalSection
EndGlobal
